
Microsoft Visual Studio Solution File, Format Version 11.00
# Visual Studio 2010
Project("{8BC9CEB8-8B4A-11D0-8D11-00A0C91BC942}") = "HashTableSearch", "HashTableSearch\HashTableSearch.vcxproj", "{74F032F3-9488-4A37-BBA6-D71A7C961B97}"
EndProject
Global
	GlobalSection(SolutionConfigurationPlatforms) = preSolution
		Debug|Win32 = Debug|Win32
		Release|Win32 = Release|Win32
	EndGlobalSection
	GlobalSection(ProjectConfigurationPlatforms) = postSolution
		{74F032F3-9488-4A37-BBA6-D71A7C961B97}.Debug|Win32.ActiveCfg = Debug|Win32
		{74F032F3-9488-4A37-BBA6-D71A7C961B97}.Debug|Win32.Build.0 = Debug|Win32
		{74F032F3-9488-4A37-BBA6-D71A7C961B97}.Release|Win32.ActiveCfg = Release|Win32
		{74F032F3-9488-4A37-BBA6-D71A7C961B97}.Release|Win32.Build.0 = Release|Win32
	EndGlobalSection
	GlobalSection(SolutionProperties) = preSolution
		HideSolutionNode = FALSE
	EndGlobalSection
EndGlobal
